// !$*UTF8*$!
{
	archiveVersion = 1;
	classes = {
	};
	objectVersion = 46;
	objects = {

/* Begin PBXBuildFile section */
		25FC85601AE258D4001DCB1A /* AppDelegate.swift in Sources */ = {isa = PBXBuildFile; fileRef = 25FC855F1AE258D4001DCB1A /* AppDelegate.swift */; };
		25FC85621AE258D4001DCB1A /* CameraPreviewController.swift in Sources */ = {isa = PBXBuildFile; fileRef = 25FC85611AE258D4001DCB1A /* CameraPreviewController.swift */; };
		25FC85651AE258D4001DCB1A /* Main.storyboard in Resources */ = {isa = PBXBuildFile; fileRef = 25FC85631AE258D4001DCB1A /* Main.storyboard */; };
		25FC85671AE258D4001DCB1A /* Images.xcassets in Resources */ = {isa = PBXBuildFile; fileRef = 25FC85661AE258D4001DCB1A /* Images.xcassets */; };
		25FC856A1AE258D4001DCB1A /* LaunchScreen.xib in Resources */ = {isa = PBXBuildFile; fileRef = 25FC85681AE258D4001DCB1A /* LaunchScreen.xib */; };
		25FC85761AE258D5001DCB1A /* Swift_CameraTests.swift in Sources */ = {isa = PBXBuildFile; fileRef = 25FC85751AE258D5001DCB1A /* Swift_CameraTests.swift */; };
		25FC85801AE2624D001DCB1A /* VideoPreviewView.swift in Sources */ = {isa = PBXBuildFile; fileRef = 25FC857F1AE2624D001DCB1A /* VideoPreviewView.swift */; };
/* End PBXBuildFile section */

/* Begin PBXContainerItemProxy section */
		25FC85701AE258D4001DCB1A /* PBXContainerItemProxy */ = {
			isa = PBXContainerItemProxy;
			containerPortal = 25FC85521AE258D4001DCB1A /* Project object */;
			proxyType = 1;
			remoteGlobalIDString = 25FC85591AE258D4001DCB1A;
			remoteInfo = "Swift Camera";
		};
/* End PBXContainerItemProxy section */

/* Begin PBXFileReference section */
		25FC855A1AE258D4001DCB1A /* Swift Camera.app */ = {isa = PBXFileReference; explicitFileType = wrapper.application; includeInIndex = 0; path = "Swift Camera.app"; sourceTree = BUILT_PRODUCTS_DIR; };
		25FC855E1AE258D4001DCB1A /* Info.plist */ = {isa = PBXFileReference; lastKnownFileType = text.plist.xml; path = Info.plist; sourceTree = "<group>"; };
		25FC855F1AE258D4001DCB1A /* AppDelegate.swift */ = {isa = PBXFileReference; lastKnownFileType = sourcecode.swift; path = AppDelegate.swift; sourceTree = "<group>"; };
		25FC85611AE258D4001DCB1A /* CameraPreviewController.swift */ = {isa = PBXFileReference; lastKnownFileType = sourcecode.swift; path = CameraPreviewController.swift; sourceTree = "<group>"; };
		25FC85641AE258D4001DCB1A /* Base */ = {isa = PBXFileReference; lastKnownFileType = file.storyboard; name = Base; path = Base.lproj/Main.storyboard; sourceTree = "<group>"; };
		25FC85661AE258D4001DCB1A /* Images.xcassets */ = {isa = PBXFileReference; lastKnownFileType = folder.assetcatalog; path = Images.xcassets; sourceTree = "<group>"; };
		25FC85691AE258D4001DCB1A /* Base */ = {isa = PBXFileReference; lastKnownFileType = file.xib; name = Base; path = Base.lproj/LaunchScreen.xib; sourceTree = "<group>"; };
		25FC856F1AE258D4001DCB1A /* Swift CameraTests.xctest */ = {isa = PBXFileReference; explicitFileType = wrapper.cfbundle; includeInIndex = 0; path = "Swift CameraTests.xctest"; sourceTree = BUILT_PRODUCTS_DIR; };
		25FC85741AE258D5001DCB1A /* Info.plist */ = {isa = PBXFileReference; lastKnownFileType = text.plist.xml; path = Info.plist; sourceTree = "<group>"; };
		25FC85751AE258D5001DCB1A /* Swift_CameraTests.swift */ = {isa = PBXFileReference; lastKnownFileType = sourcecode.swift; path = Swift_CameraTests.swift; sourceTree = "<group>"; };
		25FC857F1AE2624D001DCB1A /* VideoPreviewView.swift */ = {isa = PBXFileReference; fileEncoding = 4; lastKnownFileType = sourcecode.swift; path = VideoPreviewView.swift; sourceTree = "<group>"; };
/* End PBXFileReference section */

/* Begin PBXFrameworksBuildPhase section */
		25FC85571AE258D4001DCB1A /* Frameworks */ = {
			isa = PBXFrameworksBuildPhase;
			buildActionMask = 2147483647;
			files = (
			);
			runOnlyForDeploymentPostprocessing = 0;
		};
		25FC856C1AE258D4001DCB1A /* Frameworks */ = {
			isa = PBXFrameworksBuildPhase;
			buildActionMask = 2147483647;
			files = (
			);
			runOnlyForDeploymentPostprocessing = 0;
		};
/* End PBXFrameworksBuildPhase section */

/* Begin PBXGroup section */
		25FC85511AE258D4001DCB1A = {
			isa = PBXGroup;
			children = (
				25FC855C1AE258D4001DCB1A /* Swift Camera */,
				25FC85721AE258D5001DCB1A /* Swift CameraTests */,
				25FC855B1AE258D4001DCB1A /* Products */,
			);
			sourceTree = "<group>";
		};
		25FC855B1AE258D4001DCB1A /* Products */ = {
			isa = PBXGroup;
			children = (
				25FC855A1AE258D4001DCB1A /* Swift Camera.app */,
				25FC856F1AE258D4001DCB1A /* Swift CameraTests.xctest */,
			);
			name = Products;
			sourceTree = "<group>";
		};
		25FC855C1AE258D4001DCB1A /* Swift Camera */ = {
			isa = PBXGroup;
			children = (
				25FC855F1AE258D4001DCB1A /* AppDelegate.swift */,
				25FC85611AE258D4001DCB1A /* CameraPreviewController.swift */,
				25FC857F1AE2624D001DCB1A /* VideoPreviewView.swift */,
				25FC85631AE258D4001DCB1A /* Main.storyboard */,
				25FC85661AE258D4001DCB1A /* Images.xcassets */,
				25FC85681AE258D4001DCB1A /* LaunchScreen.xib */,
				25FC855D1AE258D4001DCB1A /* Supporting Files */,
			);
			path = "Swift Camera";
			sourceTree = "<group>";
		};
		25FC855D1AE258D4001DCB1A /* Supporting Files */ = {
			isa = PBXGroup;
			children = (
				25FC855E1AE258D4001DCB1A /* Info.plist */,
			);
			name = "Supporting Files";
			sourceTree = "<group>";
		};
		25FC85721AE258D5001DCB1A /* Swift CameraTests */ = {
			isa = PBXGroup;
			children = (
				25FC85751AE258D5001DCB1A /* Swift_CameraTests.swift */,
				25FC85731AE258D5001DCB1A /* Supporting Files */,
			);
			path = "Swift CameraTests";
			sourceTree = "<group>";
		};
		25FC85731AE258D5001DCB1A /* Supporting Files */ = {
			isa = PBXGroup;
			children = (
				25FC85741AE258D5001DCB1A /* Info.plist */,
			);
			name = "Supporting Files";
			sourceTree = "<group>";
		};
/* End PBXGroup section */

/* Begin PBXNativeTarget section */
		25FC85591AE258D4001DCB1A /* Swift Camera */ = {
			isa = PBXNativeTarget;
			buildConfigurationList = 25FC85791AE258D5001DCB1A /* Build configuration list for PBXNativeTarget "Swift Camera" */;
			buildPhases = (
				25FC85561AE258D4001DCB1A /* Sources */,
				25FC85571AE258D4001DCB1A /* Frameworks */,
				25FC85581AE258D4001DCB1A /* Resources */,
			);
			buildRules = (
			);
			dependencies = (
			);
			name = "Swift Camera";
			productName = "Swift Camera";
			productReference = 25FC855A1AE258D4001DCB1A /* Swift Camera.app */;
			productType = "com.apple.product-type.application";
		};
		25FC856E1AE258D4001DCB1A /* Swift CameraTests */ = {
			isa = PBXNativeTarget;
			buildConfigurationList = 25FC857C1AE258D5001DCB1A /* Build configuration list for PBXNativeTarget "Swift CameraTests" */;
			buildPhases = (
				25FC856B1AE258D4001DCB1A /* Sources */,
				25FC856C1AE258D4001DCB1A /* Frameworks */,
				25FC856D1AE258D4001DCB1A /* Resources */,
			);
			buildRules = (
			);
			dependencies = (
				25FC85711AE258D4001DCB1A /* PBXTargetDependency */,
			);
			name = "Swift CameraTests";
			productName = "Swift CameraTests";
			productReference = 25FC856F1AE258D4001DCB1A /* Swift CameraTests.xctest */;
			productType = "com.apple.product-type.bundle.unit-test";
		};
/* End PBXNativeTarget section */

/* Begin PBXProject section */
		25FC85521AE258D4001DCB1A /* Project object */ = {
			isa = PBXProject;
			attributes = {
				LastUpgradeCheck = 0630;
				ORGANIZATIONNAME = "Venj Chu";
				TargetAttributes = {
					25FC85591AE258D4001DCB1A = {
						CreatedOnToolsVersion = 6.3;
					};
					25FC856E1AE258D4001DCB1A = {
						CreatedOnToolsVersion = 6.3;
						TestTargetID = 25FC85591AE258D4001DCB1A;
					};
				};
			};
			buildConfigurationList = 25FC85551AE258D4001DCB1A /* Build configuration list for PBXProject "Swift Camera" */;
			compatibilityVersion = "Xcode 3.2";
			developmentRegion = English;
			hasScannedForEncodings = 0;
			knownRegions = (
				en,
				Base,
			);
			mainGroup = 25FC85511AE258D4001DCB1A;
			productRefGroup = 25FC855B1AE258D4001DCB1A /* Products */;
			projectDirPath = "";
			projectRoot = "";
			targets = (
				25FC85591AE258D4001DCB1A /* Swift Camera */,
				25FC856E1AE258D4001DCB1A /* Swift CameraTests */,
			);
		};
/* End PBXProject section */

/* Begin PBXResourcesBuildPhase section */
		25FC85581AE258D4001DCB1A /* Resources */ = {
			isa = PBXResourcesBuildPhase;
			buildActionMask = 2147483647;
			files = (
				25FC85651AE258D4001DCB1A /* Main.storyboard in Resources */,
				25FC856A1AE258D4001DCB1A /* LaunchScreen.xib in Resources */,
				25FC85671AE258D4001DCB1A /* Images.xcassets in Resources */,
			);
			runOnlyForDeploymentPostprocessing = 0;
		};
		25FC856D1AE258D4001DCB1A /* Resources */ = {
			isa = PBXResourcesBuildPhase;
			buildActionMask = 2147483647;
			files = (
			);
			runOnlyForDeploymentPostprocessing = 0;
		};
/* End PBXResourcesBuildPhase section */

/* Begin PBXSourcesBuildPhase section */
		25FC85561AE258D4001DCB1A /* Sources */ = {
			isa = PBXSourcesBuildPhase;
			buildActionMask = 2147483647;
			files = (
				25FC85801AE2624D001DCB1A /* VideoPreviewView.swift in Sources */,
				25FC85621AE258D4001DCB1A /* CameraPreviewController.swift in Sources */,
				25FC85601AE258D4001DCB1A /* AppDelegate.swift in Sources */,
			);
			runOnlyForDeploymentPostprocessing = 0;
		};
		25FC856B1AE258D4001DCB1A /* Sources */ = {
			isa = PBXSourcesBuildPhase;
			buildActionMask = 2147483647;
			files = (
				25FC85761AE258D5001DCB1A /* Swift_CameraTests.swift in Sources */,
			);
			runOnlyForDeploymentPostprocessing = 0;
		};
/* End PBXSourcesBuildPhase section */

/* Begin PBXTargetDependency section */
		25FC85711AE258D4001DCB1A /* PBXTargetDependency */ = {
			isa = PBXTargetDependency;
			target = 25FC85591AE258D4001DCB1A /* Swift Camera */;
			targetProxy = 25FC85701AE258D4001DCB1A /* PBXContainerItemProxy */;
		};
/* End PBXTargetDependency section */

/* Begin PBXVariantGroup section */
		25FC85631AE258D4001DCB1A /* Main.storyboard */ = {
			isa = PBXVariantGroup;
			children = (
				25FC85641AE258D4001DCB1A /* Base */,
			);
			name = Main.storyboard;
			sourceTree = "<group>";
		};
		25FC85681AE258D4001DCB1A /* LaunchScreen.xib */ = {
			isa = PBXVariantGroup;
			children = (
				25FC85691AE258D4001DCB1A /* Base */,
			);
			name = LaunchScreen.xib;
			sourceTree = "<group>";
		};
/* End PBXVariantGroup section */

/* Begin XCBuildConfiguration section */
		25FC85771AE258D5001DCB1A /* Debug */ = {
			isa = XCBuildConfiguration;
			buildSettings = {
				ALWAYS_SEARCH_USER_PATHS = NO;
				CLANG_CXX_LANGUAGE_STANDARD = "gnu++0x";
				CLANG_CXX_LIBRARY = "libc++";
				CLANG_ENABLE_MODULES = YES;
				CLANG_ENABLE_OBJC_ARC = YES;
				CLANG_WARN_BOOL_CONVERSION = YES;
				CLANG_WARN_CONSTANT_CONVERSION = YES;
				CLANG_WARN_DIRECT_OBJC_ISA_USAGE = YES_ERROR;
				CLANG_WARN_EMPTY_BODY = YES;
				CLANG_WARN_ENUM_CONVERSION = YES;
				CLANG_WARN_INT_CONVERSION = YES;
				CLANG_WARN_OBJC_ROOT_CLASS = YES_ERROR;
				CLANG_WARN_UNREACHABLE_CODE = YES;
				CLANG_WARN__DUPLICATE_METHOD_MATCH = YES;
				"CODE_SIGN_IDENTITY[sdk=iphoneos*]" = "iPhone Developer";
				COPY_PHASE_STRIP = NO;
				DEBUG_INFORMATION_FORMAT = "dwarf-with-dsym";
				ENABLE_STRICT_OBJC_MSGSEND = YES;
				GCC_C_LANGUAGE_STANDARD = gnu99;
				GCC_DYNAMIC_NO_PIC = NO;
				GCC_NO_COMMON_BLOCKS = YES;
				GCC_OPTIMIZATION_LEVEL = 0;
				GCC_PREPROCESSOR_DEFINITIONS = (
					"DEBUG=1",
					"$(inherited)",
				);
				GCC_SYMBOLS_PRIVATE_EXTERN = NO;
				GCC_WARN_64_TO_32_BIT_CONVERSION = YES;
				GCC_WARN_ABOUT_RETURN_TYPE = YES_ERROR;
				GCC_WARN_UNDECLARED_SELECTOR = YES;
				GCC_WARN_UNINITIALIZED_AUTOS = YES_AGGRESSIVE;
				GCC_WARN_UNUSED_FUNCTION = YES;
				GCC_WARN_UNUSED_VARIABLE = YES;
				IPHONEOS_DEPLOYMENT_TARGET = 8.3;
				MTL_ENABLE_DEBUG_INFO = YES;
				ONLY_ACTIVE_ARCH = YES;
				SDKROOT = iphoneos;
				SWIFT_OPTIMIZATION_LEVEL = "-Onone";
				TARGETED_DEVICE_FAMILY = "1,2";
			};
			name = Debug;
		};
		25FC85781AE258D5001DCB1A /* Release */ = {
			isa = XCBuildConfiguration;
			buildSettings = {
				ALWAYS_SEARCH_USER_PATHS = NO;
				CLANG_CXX_LANGUAGE_STANDARD = "gnu++0x";
				CLANG_CXX_LIBRARY = "libc++";
				CLANG_ENABLE_MODULES = YES;
				CLANG_ENABLE_OBJC_ARC = YES;
				CLANG_WARN_BOOL_CONVERSION = YES;
				CLANG_WARN_CONSTANT_CONVERSION = YES;
				CLANG_WARN_DIRECT_OBJC_ISA_USAGE = YES_ERROR;
				CLANG_WARN_EMPTY_BODY = YES;
				CLANG_WARN_ENUM_CONVERSION = YES;
				CLANG_WARN_INT_CONVERSION = YES;
				CLANG_WARN_OBJC_ROOT_CLASS = YES_ERROR;
				CLANG_WARN_UNREACHABLE_CODE = YES;
				CLANG_WARN__DUPLICATE_METHOD_MATCH = YES;
				"CODE_SIGN_IDENTITY[sdk=iphoneos*]" = "iPhone Developer";
				COPY_PHASE_STRIP = NO;
				DEBUG_INFORMATION_FORMAT = "dwarf-with-dsym";
				ENABLE_NS_ASSERTIONS = NO;
				ENABLE_STRICT_OBJC_MSGSEND = YES;
				GCC_C_LANGUAGE_STANDARD = gnu99;
				GCC_NO_COMMON_BLOCKS = YES;
				GCC_WARN_64_TO_32_BIT_CONVERSION = YES;
				GCC_WARN_ABOUT_RETURN_TYPE = YES_ERROR;
				GCC_WARN_UNDECLARED_SELECTOR = YES;
				GCC_WARN_UNINITIALIZED_AUTOS = YES_AGGRESSIVE;
				GCC_WARN_UNUSED_FUNCTION = YES;
				GCC_WARN_UNUSED_VARIABLE = YES;
				IPHONEOS_DEPLOYMENT_TARGET = 8.3;
				MTL_ENABLE_DEBUG_INFO = NO;
				SDKROOT = iphoneos;
				TARGETED_DEVICE_FAMILY = "1,2";
				VALIDATE_PRODUCT = YES;
			};
			name = Release;
		};
		25FC857A1AE258D5001DCB1A /* Debug */ = {
			isa = XCBuildConfiguration;
			buildSettings = {
				ASSETCATALOG_COMPILER_APPICON_NAME = AppIcon;
				INFOPLIST_FILE = "Swift Camera/Info.plist";
				LD_RUNPATH_SEARCH_PATHS = "$(inherited) @executable_path/Frameworks";
				PRODUCT_NAME = "$(TARGET_NAME)";
			};
			name = Debug;
		};
		25FC857B1AE258D5001DCB1A /* Release */ = {
			isa = XCBuildConfiguration;
			buildSettings = {
				ASSETCATALOG_COMPILER_APPICON_NAME = AppIcon;
				INFOPLIST_FILE = "Swift Camera/Info.plist";
				LD_RUNPATH_SEARCH_PATHS = "$(inherited) @executable_path/Frameworks";
				PRODUCT_NAME = "$(TARGET_NAME)";
			};
			name = Release;
		};
		25FC857D1AE258D5001DCB1A /* Debug */ = {
			isa = XCBuildConfiguration;
			buildSettings = {
				BUNDLE_LOADER = "$(TEST_HOST)";
				FRAMEWORK_SEARCH_PATHS = (
					"$(SDKROOT)/Developer/Library/Frameworks",
					"$(inherited)",
				);
				GCC_PREPROCESSOR_DEFINITIONS = (
					"DEBUG=1",
					"$(inherited)",
				);
				INFOPLIST_FILE = "Swift CameraTests/Info.plist";
				LD_RUNPATH_SEARCH_PATHS = "$(inherited) @executable_path/Frameworks @loader_path/Frameworks";
				PRODUCT_NAME = "$(TARGET_NAME)";
				TEST_HOST = "$(BUILT_PRODUCTS_DIR)/Swift Camera.app/Swift Camera";
			};
			name = Debug;
		};
		25FC857E1AE258D5001DCB1A /* Release */ = {
			isa = XCBuildConfiguration;
			buildSettings = {
				BUNDLE_LOADER = "$(TEST_HOST)";
				FRAMEWORK_SEARCH_PATHS = (
					"$(SDKROOT)/Developer/Library/Frameworks",
					"$(inherited)",
				);
				INFOPLIST_FILE = "Swift CameraTests/Info.plist";
				LD_RUNPATH_SEARCH_PATHS = "$(inherited) @executable_path/Frameworks @loader_path/Frameworks";
				PRODUCT_NAME = "$(TARGET_NAME)";
				TEST_HOST = "$(BUILT_PRODUCTS_DIR)/Swift Camera.app/Swift Camera";
			};
			name = Release;
		};
/* End XCBuildConfiguration section */

/* Begin XCConfigurationList section */
		25FC85551AE258D4001DCB1A /* Build configuration list for PBXProject "Swift Camera" */ = {
			isa = XCConfigurationList;
			buildConfigurations = (
				25FC85771AE258D5001DCB1A /* Debug */,
				25FC85781AE258D5001DCB1A /* Release */,
			);
			defaultConfigurationIsVisible = 0;
			defaultConfigurationName = Release;
		};
		25FC85791AE258D5001DCB1A /* Build configuration list for PBXNativeTarget "Swift Camera" */ = {
			isa = XCConfigurationList;
			buildConfigurations = (
				25FC857A1AE258D5001DCB1A /* Debug */,
				25FC857B1AE258D5001DCB1A /* Release */,
			);
			defaultConfigurationIsVisible = 0;
		};
		25FC857C1AE258D5001DCB1A /* Build configuration list for PBXNativeTarget "Swift CameraTests" */ = {
			isa = XCConfigurationList;
			buildConfigurations = (
				25FC857D1AE258D5001DCB1A /* Debug */,
				25FC857E1AE258D5001DCB1A /* Release */,
			);
			defaultConfigurationIsVisible = 0;
		};
/* End XCConfigurationList section */
	};
	rootObject = 25FC85521AE258D4001DCB1A /* Project object */;
}
